
Microsoft Visual Studio Solution File, Format Version 12.00
# Visual Studio Version 17
VisualStudioVersion = 17.5.002.0
MinimumVisualStudioVersion = 10.0.40219.1
Project("{2150E333-8FDC-42A3-9474-1A3956D46DE8}") = "sandbox", "sandbox", "{1086CD14-15E3-403F-B678-AA43A33C2517}"
EndProject
Project("{9A19103F-16F7-4668-BE54-9A1E7A4F7556}") = "sandbox_project", "sandbox\sandbox_project\sandbox_project.csproj", "{E08047C4-06D8-4212-9D19-1417C53521BE}"
EndProject
Project("{2150E333-8FDC-42A3-9474-1A3956D46DE8}") = "week01", "week01", "{4ECF101B-CCBD-4C4F-BB79-7C1B264EABD5}"
EndProject
Project("{9A19103F-16F7-4668-BE54-9A1E7A4F7556}") = "analyze", "week01\analyze\analyze.csproj", "{336EF7D1-265D-4310-9900-ADAF0B934CA3}"
EndProject
Project("{9A19103F-16F7-4668-BE54-9A1E7A4F7556}") = "code", "week01\code\code.csproj", "{3629F0FE-A633-4F17-978B-B7CA43210944}"
EndProject
Project("{9A19103F-16F7-4668-BE54-9A1E7A4F7556}") = "teach", "week01\teach\teach.csproj", "{2BA92B8C-C7BD-4D83-B6B1-931969837053}"
EndProject
Project("{2150E333-8FDC-42A3-9474-1A3956D46DE8}") = "week02", "week02", "{B5292681-4AEE-44AB-937F-57DEC4876F46}"
EndProject
Project("{9A19103F-16F7-4668-BE54-9A1E7A4F7556}") = "analyze", "week02\analyze\analyze.csproj", "{CCC75F7B-84FE-489D-B1C3-1985A28359DE}"
EndProject
Project("{9A19103F-16F7-4668-BE54-9A1E7A4F7556}") = "code", "week02\code\code.csproj", "{69AAB254-20EF-483C-A86B-46693BF2209E}"
EndProject
Project("{9A19103F-16F7-4668-BE54-9A1E7A4F7556}") = "learn", "week02\learn\learn.csproj", "{AE08D47A-344B-4915-9C3C-0CDF8019E801}"
EndProject
Project("{9A19103F-16F7-4668-BE54-9A1E7A4F7556}") = "teach", "week02\teach\teach.csproj", "{AE290B58-3D1E-46D4-A680-2962308BA400}"
EndProject
Project("{2150E333-8FDC-42A3-9474-1A3956D46DE8}") = "week03", "week03", "{A88ED466-5F21-498B-9B90-9D92C969920D}"
EndProject
Project("{9A19103F-16F7-4668-BE54-9A1E7A4F7556}") = "code", "week03\code\code.csproj", "{0530AC9A-F1C4-4438-8FA5-14488402D156}"
EndProject
Project("{9A19103F-16F7-4668-BE54-9A1E7A4F7556}") = "learn", "week03\learn\learn.csproj", "{DCE862D8-948F-48B4-B696-C2D64E42FC2F}"
EndProject
Project("{9A19103F-16F7-4668-BE54-9A1E7A4F7556}") = "teach", "week03\teach\teach.csproj", "{08497110-1B71-4B08-BF64-6B68FB871A49}"
EndProject
Project("{2150E333-8FDC-42A3-9474-1A3956D46DE8}") = "week04", "week04", "{930CE349-9176-4F7F-AE6F-3AB0BCE09F75}"
EndProject
Project("{9A19103F-16F7-4668-BE54-9A1E7A4F7556}") = "code", "week04\code\code.csproj", "{BEC1833A-2644-4C08-8D51-F4864E2A9E77}"
EndProject
Project("{2150E333-8FDC-42A3-9474-1A3956D46DE8}") = "week05", "week05", "{901512E5-48D8-4C6C-A445-55FEC25866B8}"
EndProject
Project("{9A19103F-16F7-4668-BE54-9A1E7A4F7556}") = "code", "week05\code\code.csproj", "{5EF4AC15-9542-4D4A-9CAB-D67A08BF10F4}"
EndProject
Project("{2150E333-8FDC-42A3-9474-1A3956D46DE8}") = "week06", "week06", "{0DCFF48A-8B67-42F2-BCC1-FEC534E02ABB}"
EndProject
Project("{9A19103F-16F7-4668-BE54-9A1E7A4F7556}") = "code", "week06\code\code.csproj", "{782070B8-D573-4092-BEA5-E8FFE7B93848}"
EndProject
Global
	GlobalSection(SolutionConfigurationPlatforms) = preSolution
		Debug|Any CPU = Debug|Any CPU
		Release|Any CPU = Release|Any CPU
	EndGlobalSection
	GlobalSection(ProjectConfigurationPlatforms) = postSolution
		{E08047C4-06D8-4212-9D19-1417C53521BE}.Debug|Any CPU.ActiveCfg = Debug|Any CPU
		{E08047C4-06D8-4212-9D19-1417C53521BE}.Debug|Any CPU.Build.0 = Debug|Any CPU
		{E08047C4-06D8-4212-9D19-1417C53521BE}.Release|Any CPU.ActiveCfg = Release|Any CPU
		{E08047C4-06D8-4212-9D19-1417C53521BE}.Release|Any CPU.Build.0 = Release|Any CPU
		{336EF7D1-265D-4310-9900-ADAF0B934CA3}.Debug|Any CPU.ActiveCfg = Debug|Any CPU
		{336EF7D1-265D-4310-9900-ADAF0B934CA3}.Debug|Any CPU.Build.0 = Debug|Any CPU
		{336EF7D1-265D-4310-9900-ADAF0B934CA3}.Release|Any CPU.ActiveCfg = Release|Any CPU
		{336EF7D1-265D-4310-9900-ADAF0B934CA3}.Release|Any CPU.Build.0 = Release|Any CPU
		{3629F0FE-A633-4F17-978B-B7CA43210944}.Debug|Any CPU.ActiveCfg = Debug|Any CPU
		{3629F0FE-A633-4F17-978B-B7CA43210944}.Debug|Any CPU.Build.0 = Debug|Any CPU
		{3629F0FE-A633-4F17-978B-B7CA43210944}.Release|Any CPU.ActiveCfg = Release|Any CPU
		{3629F0FE-A633-4F17-978B-B7CA43210944}.Release|Any CPU.Build.0 = Release|Any CPU
		{2BA92B8C-C7BD-4D83-B6B1-931969837053}.Debug|Any CPU.ActiveCfg = Debug|Any CPU
		{2BA92B8C-C7BD-4D83-B6B1-931969837053}.Debug|Any CPU.Build.0 = Debug|Any CPU
		{2BA92B8C-C7BD-4D83-B6B1-931969837053}.Release|Any CPU.ActiveCfg = Release|Any CPU
		{2BA92B8C-C7BD-4D83-B6B1-931969837053}.Release|Any CPU.Build.0 = Release|Any CPU
		{CCC75F7B-84FE-489D-B1C3-1985A28359DE}.Debug|Any CPU.ActiveCfg = Debug|Any CPU
		{CCC75F7B-84FE-489D-B1C3-1985A28359DE}.Debug|Any CPU.Build.0 = Debug|Any CPU
		{CCC75F7B-84FE-489D-B1C3-1985A28359DE}.Release|Any CPU.ActiveCfg = Release|Any CPU
		{CCC75F7B-84FE-489D-B1C3-1985A28359DE}.Release|Any CPU.Build.0 = Release|Any CPU
		{69AAB254-20EF-483C-A86B-46693BF2209E}.Debug|Any CPU.ActiveCfg = Debug|Any CPU
		{69AAB254-20EF-483C-A86B-46693BF2209E}.Debug|Any CPU.Build.0 = Debug|Any CPU
		{69AAB254-20EF-483C-A86B-46693BF2209E}.Release|Any CPU.ActiveCfg = Release|Any CPU
		{69AAB254-20EF-483C-A86B-46693BF2209E}.Release|Any CPU.Build.0 = Release|Any CPU
		{AE08D47A-344B-4915-9C3C-0CDF8019E801}.Debug|Any CPU.ActiveCfg = Debug|Any CPU
		{AE08D47A-344B-4915-9C3C-0CDF8019E801}.Debug|Any CPU.Build.0 = Debug|Any CPU
		{AE08D47A-344B-4915-9C3C-0CDF8019E801}.Release|Any CPU.ActiveCfg = Release|Any CPU
		{AE08D47A-344B-4915-9C3C-0CDF8019E801}.Release|Any CPU.Build.0 = Release|Any CPU
		{AE290B58-3D1E-46D4-A680-2962308BA400}.Debug|Any CPU.ActiveCfg = Debug|Any CPU
		{AE290B58-3D1E-46D4-A680-2962308BA400}.Debug|Any CPU.Build.0 = Debug|Any CPU
		{AE290B58-3D1E-46D4-A680-2962308BA400}.Release|Any CPU.ActiveCfg = Release|Any CPU
		{AE290B58-3D1E-46D4-A680-2962308BA400}.Release|Any CPU.Build.0 = Release|Any CPU
		{0530AC9A-F1C4-4438-8FA5-14488402D156}.Debug|Any CPU.ActiveCfg = Debug|Any CPU
		{0530AC9A-F1C4-4438-8FA5-14488402D156}.Debug|Any CPU.Build.0 = Debug|Any CPU
		{0530AC9A-F1C4-4438-8FA5-14488402D156}.Release|Any CPU.ActiveCfg = Release|Any CPU
		{0530AC9A-F1C4-4438-8FA5-14488402D156}.Release|Any CPU.Build.0 = Release|Any CPU
		{DCE862D8-948F-48B4-B696-C2D64E42FC2F}.Debug|Any CPU.ActiveCfg = Debug|Any CPU
		{DCE862D8-948F-48B4-B696-C2D64E42FC2F}.Debug|Any CPU.Build.0 = Debug|Any CPU
		{DCE862D8-948F-48B4-B696-C2D64E42FC2F}.Release|Any CPU.ActiveCfg = Release|Any CPU
		{DCE862D8-948F-48B4-B696-C2D64E42FC2F}.Release|Any CPU.Build.0 = Release|Any CPU
		{08497110-1B71-4B08-BF64-6B68FB871A49}.Debug|Any CPU.ActiveCfg = Debug|Any CPU
		{08497110-1B71-4B08-BF64-6B68FB871A49}.Debug|Any CPU.Build.0 = Debug|Any CPU
		{08497110-1B71-4B08-BF64-6B68FB871A49}.Release|Any CPU.ActiveCfg = Release|Any CPU
		{08497110-1B71-4B08-BF64-6B68FB871A49}.Release|Any CPU.Build.0 = Release|Any CPU
		{BEC1833A-2644-4C08-8D51-F4864E2A9E77}.Debug|Any CPU.ActiveCfg = Debug|Any CPU
		{BEC1833A-2644-4C08-8D51-F4864E2A9E77}.Debug|Any CPU.Build.0 = Debug|Any CPU
		{BEC1833A-2644-4C08-8D51-F4864E2A9E77}.Release|Any CPU.ActiveCfg = Release|Any CPU
		{BEC1833A-2644-4C08-8D51-F4864E2A9E77}.Release|Any CPU.Build.0 = Release|Any CPU
		{5EF4AC15-9542-4D4A-9CAB-D67A08BF10F4}.Debug|Any CPU.ActiveCfg = Debug|Any CPU
		{5EF4AC15-9542-4D4A-9CAB-D67A08BF10F4}.Debug|Any CPU.Build.0 = Debug|Any CPU
		{5EF4AC15-9542-4D4A-9CAB-D67A08BF10F4}.Release|Any CPU.ActiveCfg = Release|Any CPU
		{5EF4AC15-9542-4D4A-9CAB-D67A08BF10F4}.Release|Any CPU.Build.0 = Release|Any CPU
		{782070B8-D573-4092-BEA5-E8FFE7B93848}.Debug|Any CPU.ActiveCfg = Debug|Any CPU
		{782070B8-D573-4092-BEA5-E8FFE7B93848}.Debug|Any CPU.Build.0 = Debug|Any CPU
		{782070B8-D573-4092-BEA5-E8FFE7B93848}.Release|Any CPU.ActiveCfg = Release|Any CPU
		{782070B8-D573-4092-BEA5-E8FFE7B93848}.Release|Any CPU.Build.0 = Release|Any CPU
	EndGlobalSection
	GlobalSection(SolutionProperties) = preSolution
		HideSolutionNode = FALSE
	EndGlobalSection
	GlobalSection(NestedProjects) = preSolution
		{E08047C4-06D8-4212-9D19-1417C53521BE} = {1086CD14-15E3-403F-B678-AA43A33C2517}
		{336EF7D1-265D-4310-9900-ADAF0B934CA3} = {4ECF101B-CCBD-4C4F-BB79-7C1B264EABD5}
		{3629F0FE-A633-4F17-978B-B7CA43210944} = {4ECF101B-CCBD-4C4F-BB79-7C1B264EABD5}
		{2BA92B8C-C7BD-4D83-B6B1-931969837053} = {4ECF101B-CCBD-4C4F-BB79-7C1B264EABD5}
		{CCC75F7B-84FE-489D-B1C3-1985A28359DE} = {B5292681-4AEE-44AB-937F-57DEC4876F46}
		{69AAB254-20EF-483C-A86B-46693BF2209E} = {B5292681-4AEE-44AB-937F-57DEC4876F46}
		{AE08D47A-344B-4915-9C3C-0CDF8019E801} = {B5292681-4AEE-44AB-937F-57DEC4876F46}
		{AE290B58-3D1E-46D4-A680-2962308BA400} = {B5292681-4AEE-44AB-937F-57DEC4876F46}
		{0530AC9A-F1C4-4438-8FA5-14488402D156} = {A88ED466-5F21-498B-9B90-9D92C969920D}
		{DCE862D8-948F-48B4-B696-C2D64E42FC2F} = {A88ED466-5F21-498B-9B90-9D92C969920D}
		{08497110-1B71-4B08-BF64-6B68FB871A49} = {A88ED466-5F21-498B-9B90-9D92C969920D}
		{BEC1833A-2644-4C08-8D51-F4864E2A9E77} = {930CE349-9176-4F7F-AE6F-3AB0BCE09F75}
		{5EF4AC15-9542-4D4A-9CAB-D67A08BF10F4} = {901512E5-48D8-4C6C-A445-55FEC25866B8}
		{782070B8-D573-4092-BEA5-E8FFE7B93848} = {0DCFF48A-8B67-42F2-BCC1-FEC534E02ABB}
	EndGlobalSection
	GlobalSection(ExtensibilityGlobals) = postSolution
		SolutionGuid = {8600C8F7-BB13-491C-A111-B7BBE5B932F9}
	EndGlobalSection
EndGlobal
